
Microsoft Visual Studio Solution File, Format Version 12.00
# Visual Studio Version 17
VisualStudioVersion = 17.8.34330.188
MinimumVisualStudioVersion = 10.0.40219.1
Project("{FAE04EC0-301F-11D3-BF4B-00C04F79EFBC}") = "Northwind.Mvc", "Northwind.Mvc\Northwind.Mvc.csproj", "{1B329715-D0E2-49E9-B757-5EDEFD0AC50C}"
EndProject
Global
	GlobalSection(SolutionConfigurationPlatforms) = preSolution
		Debug|Any CPU = Debug|Any CPU
		Release|Any CPU = Release|Any CPU
	EndGlobalSection
	GlobalSection(ProjectConfigurationPlatforms) = postSolution
		{1B329715-D0E2-49E9-B757-5EDEFD0AC50C}.Debug|Any CPU.ActiveCfg = Debug|Any CPU
		{1B329715-D0E2-49E9-B757-5EDEFD0AC50C}.Debug|Any CPU.Build.0 = Debug|Any CPU
		{1B329715-D0E2-49E9-B757-5EDEFD0AC50C}.Release|Any CPU.ActiveCfg = Release|Any CPU
		{1B329715-D0E2-49E9-B757-5EDEFD0AC50C}.Release|Any CPU.Build.0 = Release|Any CPU
	EndGlobalSection
	GlobalSection(SolutionProperties) = preSolution
		HideSolutionNode = FALSE
	EndGlobalSection
	GlobalSection(ExtensibilityGlobals) = postSolution
		SolutionGuid = {E220C5C7-74E9-4BA1-AFD4-D23798E32E85}
	EndGlobalSection
EndGlobal
